# -------------------------------------------------------------------------- #
#
# Copyright (C) 1991-2013 Altera Corporation
# Your use of Altera Corporation's design tools, logic functions 
# and other software and tools, and its AMPP partner logic 
# functions, and any output files from any of the foregoing 
# (including device programming or simulation files), and any 
# associated documentation or information are expressly subject 
# to the terms and conditions of the Altera Program License 
# Subscription Agreement, Altera MegaCore Function License 
# Agreement, or other applicable license agreement, including, 
# without limitation, that your use is for the sole purpose of 
# programming logic devices manufactured by Altera and sold by 
# Altera or its authorized distributors.  Please refer to the 
# applicable agreement for further details.
#
# -------------------------------------------------------------------------- #
#
# Quartus II 32-bit
# Version 13.0.1 Build 232 06/12/2013 Service Pack 1 SJ Web Edition
# Date created = 12:20:12  September 01, 2026
#
# -------------------------------------------------------------------------- #
#
# Notes:
#
# 1) The default values for assignments are stored in the file:
#		riscv_core_assignment_defaults.qdf
#    If this file doesn't exist, see file:
#		assignment_defaults.qdf
#
# 2) Altera recommends that you do not modify this file. This
#    file is updated automatically by the Quartus II software
#    and any changes you make may be lost or overwritten.
#
# -------------------------------------------------------------------------- #


set_global_assignment -name FAMILY "Cyclone II"
set_global_assignment -name DEVICE EP2C5T144C8
set_global_assignment -name TOP_LEVEL_ENTITY riscv_core
set_global_assignment -name ORIGINAL_QUARTUS_VERSION "13.0 SP1"
set_global_assignment -name PROJECT_CREATION_TIME_DATE "12:20:12  SEPTEMBER 01, 2026"
set_global_assignment -name LAST_QUARTUS_VERSION "13.0 SP1"
set_global_assignment -name PROJECT_OUTPUT_DIRECTORY output_files
set_global_assignment -name MIN_CORE_JUNCTION_TEMP 0
set_global_assignment -name MAX_CORE_JUNCTION_TEMP 85
set_global_assignment -name DEVICE_FILTER_PIN_COUNT 144
set_global_assignment -name ERROR_CHECK_FREQUENCY_DIVISOR 1
set_global_assignment -name EDA_SIMULATION_TOOL "ModelSim-Altera (VHDL)"
set_global_assignment -name EDA_OUTPUT_DATA_FORMAT VHDL -section_id eda_simulation
set_global_assignment -name STRATIX_DEVICE_IO_STANDARD "3.3-V LVTTL"
set_global_assignment -name EDA_TEST_BENCH_ENABLE_STATUS TEST_BENCH_MODE -section_id eda_simulation
set_global_assignment -name EDA_NATIVELINK_SIMULATION_TEST_BENCH tb_riscv_core -section_id eda_simulation
set_global_assignment -name EDA_TEST_BENCH_NAME tb_riscv_core -section_id eda_simulation
set_global_assignment -name EDA_DESIGN_INSTANCE_NAME NA -section_id tb_riscv_core
set_global_assignment -name EDA_TEST_BENCH_MODULE_NAME tb_riscv_core -section_id tb_riscv_core
set_global_assignment -name EDA_TEST_BENCH_FILE tb_riscv_core.vhd -section_id tb_riscv_core
set_location_assignment PIN_144 -to rst
set_location_assignment PIN_3 -to gpio_pins[17]
set_location_assignment PIN_7 -to gpio_pins[18]
set_location_assignment PIN_9 -to gpio_pins[19]
set_location_assignment PIN_17 -to clk
set_location_assignment PIN_112 -to gpio_pins[0]
set_location_assignment PIN_113 -to gpio_pins[1]
set_location_assignment PIN_114 -to gpio_pins[2]
set_location_assignment PIN_115 -to gpio_pins[3]
set_location_assignment PIN_118 -to gpio_pins[4]
set_location_assignment PIN_119 -to gpio_pins[5]
set_location_assignment PIN_120 -to gpio_pins[6]
set_location_assignment PIN_121 -to gpio_pins[7]
set_location_assignment PIN_122 -to gpio_pins[8]
set_location_assignment PIN_125 -to gpio_pins[9]
set_location_assignment PIN_126 -to gpio_pins[10]
set_location_assignment PIN_129 -to gpio_pins[11]
set_location_assignment PIN_132 -to gpio_pins[12]
set_location_assignment PIN_133 -to gpio_pins[13]
set_location_assignment PIN_134 -to gpio_pins[14]
set_location_assignment PIN_135 -to gpio_pins[15]
set_location_assignment PIN_136 -to gpio_pins[16]
set_location_assignment PIN_94 -to uart_rx_pin
set_location_assignment PIN_93 -to uart_tx_pin
set_location_assignment PIN_92 -to prog_rst_pin
set_location_assignment PIN_103 -to spi_sck_pin
set_location_assignment PIN_101 -to spi_mosi_pin
set_location_assignment PIN_104 -to spi_miso_pin
set_location_assignment PIN_96 -to pwm1_pin_out
set_location_assignment PIN_97 -to pwm2_pin_out
set_global_assignment -name USE_CONFIGURATION_DEVICE ON
set_global_assignment -name RESERVE_ALL_UNUSED_PINS "AS INPUT TRI-STATED"
set_global_assignment -name PARTITION_NETLIST_TYPE SOURCE -section_id Top
set_global_assignment -name PARTITION_FITTER_PRESERVATION_LEVEL PLACEMENT_AND_ROUTING -section_id Top
set_global_assignment -name PARTITION_COLOR 16764057 -section_id Top
set_location_assignment PIN_86 -to stepper_pins[31]
set_location_assignment PIN_81 -to stepper_pins[27]
set_location_assignment PIN_80 -to stepper_pins[30]
set_location_assignment PIN_79 -to stepper_pins[26]
set_location_assignment PIN_76 -to stepper_pins[29]
set_location_assignment PIN_75 -to stepper_pins[25]
set_location_assignment PIN_74 -to stepper_pins[28]
set_location_assignment PIN_73 -to stepper_pins[24]
set_location_assignment PIN_40 -to stepper_pins[0]
set_location_assignment PIN_41 -to stepper_pins[4]
set_location_assignment PIN_42 -to stepper_pins[1]
set_location_assignment PIN_43 -to stepper_pins[5]
set_location_assignment PIN_44 -to stepper_pins[2]
set_location_assignment PIN_45 -to stepper_pins[6]
set_location_assignment PIN_47 -to stepper_pins[3]
set_location_assignment PIN_48 -to stepper_pins[7]
set_location_assignment PIN_51 -to stepper_pins[8]
set_location_assignment PIN_52 -to stepper_pins[12]
set_location_assignment PIN_53 -to stepper_pins[9]
set_location_assignment PIN_55 -to stepper_pins[13]
set_location_assignment PIN_57 -to stepper_pins[10]
set_location_assignment PIN_58 -to stepper_pins[14]
set_location_assignment PIN_59 -to stepper_pins[11]
set_location_assignment PIN_60 -to stepper_pins[15]
set_location_assignment PIN_63 -to stepper_pins[16]
set_location_assignment PIN_64 -to stepper_pins[20]
set_location_assignment PIN_65 -to stepper_pins[17]
set_location_assignment PIN_67 -to stepper_pins[21]
set_location_assignment PIN_69 -to stepper_pins[18]
set_location_assignment PIN_70 -to stepper_pins[22]
set_location_assignment PIN_71 -to stepper_pins[19]
set_location_assignment PIN_72 -to stepper_pins[23]
set_instance_assignment -name WEAK_PULL_UP_RESISTOR ON -to prog_rst_pin
set_global_assignment -name CYCLONEII_RESERVE_NCEO_AFTER_CONFIGURATION "USE AS REGULAR IO"
set_global_assignment -name RESERVE_ASDO_AFTER_CONFIGURATION "USE AS REGULAR IO"
set_global_assignment -name VHDL_FILE tb_riscv_core.vhd
set_global_assignment -name VHDL_FILE riscv_core.vhd
set_global_assignment -name VHDL_FILE dual_port_ram.vhd
set_global_assignment -name VHDL_FILE pkg_riscv.vhd
set_global_assignment -name VHDL_FILE datapath.vhd
set_global_assignment -name VHDL_FILE alu.vhd
set_global_assignment -name VHDL_FILE reg_file.vhd
set_global_assignment -name VHDL_FILE imm_gen.vhd
set_global_assignment -name VHDL_FILE control_unit.vhd
set_global_assignment -name VHDL_FILE hazard_unit.vhd
set_global_assignment -name VHDL_FILE branch_unit.vhd
set_global_assignment -name VHDL_FILE store_formatter.vhd
set_global_assignment -name VHDL_FILE load_formatter.vhd
set_global_assignment -name VHDL_FILE csr_unit.vhd
set_global_assignment -name VHDL_FILE mult_div_unit.vhd
set_global_assignment -name VHDL_FILE gpio.vhd
set_global_assignment -name VHDL_FILE mtime.vhd
set_global_assignment -name VHDL_FILE uart.vhd
set_global_assignment -name VHDL_FILE uart_rx.vhd
set_global_assignment -name VHDL_FILE uart_tx.vhd
set_global_assignment -name VHDL_FILE uart_fifo.vhd
set_global_assignment -name VHDL_FILE spi_master.vhd
set_global_assignment -name VHDL_FILE pwm_timer.vhd
set_global_assignment -name VHDL_FILE octal_stepper.vhd
set_global_assignment -name VHDL_FILE tb_alu.vhd
set_global_assignment -name QIP_FILE sys_pll.qip
set_global_assignment -name SDC_FILE riscv_core.sdc
set_global_assignment -name POWER_PRESET_COOLING_SOLUTION "23 MM HEAT SINK WITH 200 LFPM AIRFLOW"
set_global_assignment -name POWER_BOARD_THERMAL_MODEL "NONE (CONSERVATIVE)"
set_global_assignment -name RESERVE_ALL_UNUSED_PINS_NO_OUTPUT_GND "AS INPUT TRI-STATED"
set_global_assignment -name CDF_FILE output_files/Chain2.cdf
set_global_assignment -name CDF_FILE output_files/Chain3.cdf
set_instance_assignment -name PARTITION_HIERARCHY root_partition -to | -section_id Top